
Microsoft Visual Studio Solution File, Format Version 12.00
# Visual Studio 15
VisualStudioVersion = 15.0.27428.2005
MinimumVisualStudioVersion = 10.0.40219.1
Project("{FAE04EC0-301F-11D3-BF4B-00C04F79EFBC}") = "Controle de Braço Robótico v1", "Controle de Braço Robótico v1\Controle de Braço Robótico v1.csproj", "{505DB581-00D0-4B8B-AE46-04FDE55C625B}"
EndProject
Global
	GlobalSection(SolutionConfigurationPlatforms) = preSolution
		Debug|Any CPU = Debug|Any CPU
		Release|Any CPU = Release|Any CPU
	EndGlobalSection
	GlobalSection(ProjectConfigurationPlatforms) = postSolution
		{505DB581-00D0-4B8B-AE46-04FDE55C625B}.Debug|Any CPU.ActiveCfg = Debug|Any CPU
		{505DB581-00D0-4B8B-AE46-04FDE55C625B}.Debug|Any CPU.Build.0 = Debug|Any CPU
		{505DB581-00D0-4B8B-AE46-04FDE55C625B}.Release|Any CPU.ActiveCfg = Release|Any CPU
		{505DB581-00D0-4B8B-AE46-04FDE55C625B}.Release|Any CPU.Build.0 = Release|Any CPU
	EndGlobalSection
	GlobalSection(SolutionProperties) = preSolution
		HideSolutionNode = FALSE
	EndGlobalSection
	GlobalSection(ExtensibilityGlobals) = postSolution
		SolutionGuid = {38069EC6-37E4-430D-BF18-3C2631D1383E}
	EndGlobalSection
EndGlobal
